{
  "requires": true,
  "lockfileVersion": 1,
  "dependencies": {
    "paper": {
      "version": "0.11.4",
      "resolved": "https://registry.npmjs.org/paper/-/paper-0.11.4.tgz",
      "integrity": "sha512-oSkKKeL1+wCEccBMxHmjxwIb5pjkxZ7Q+LiLgTEl6fxUDjEUHO9Dj/XyQmpZvbwUUAW7bv7dLhXB9w1NVn60PQ=="
    }
  }
}
